# THIS IS AN AUTOGENERATED FILE. DO NOT EDIT THIS FILE DIRECTLY.
# yarn lockfile v1


async-limiter@~1.0.0:
  version "1.0.0"
  resolved "https://registry.yarnpkg.com/async-limiter/-/async-limiter-1.0.0.tgz#78faed8c3d074ab81f22b4e985d79e8738f720f8"

node-int64@^0.4.0:
  version "0.4.0"
  resolved "https://registry.yarnpkg.com/node-int64/-/node-int64-0.4.0.tgz#87a9065cdb355d3182d8f94ce11188b825c68a3b"

q@^1.5.0:
  version "1.5.1"
  resolved "https://registry.yarnpkg.com/q/-/q-1.5.1.tgz#7e32f75b41381291d04611f1bf14109ac00651d7"

thrift@^0.11.0:
  version "0.11.0"
  resolved "https://registry.yarnpkg.com/thrift/-/thrift-0.11.0.tgz#256115e4ff87871e12537f4b510bd2b425e13990"
  dependencies:
    node-int64 "^0.4.0"
    q "^1.5.0"
    ws ">= 2.2.3"

"ws@>= 2.2.3":
  version "5.1.0"
  resolved "https://registry.yarnpkg.com/ws/-/ws-5.1.0.tgz#ad7f95a65c625d47c24f2b8e5928018cf965e2a6"
  dependencies:
    async-limiter "~1.0.0"
